github.com/sanggonlee/asyncutil v0.0.0-20210505125623-d866b46f0e19 h1:rfs6uGLFttyJnIggKjx1qk87ChtxJPhiYWZbV3YVnEQ=
github.com/sanggonlee/asyncutil v0.0.0-20210505125623-d866b46f0e19/go.mod h1:Ohq+KDOtiiDP6837kpYH5of2F4jOHBtiX6TjF6Slqv0=
github.com/sanggonlee/asyncutil v1.0.0 h1:adCr/MOw56PqH9LoeT92KorTMNA7Xfe1vPEr/zst+XE=
github.com/sanggonlee/asyncutil v1.0.0/go.mod h1:Ohq+KDOtiiDP6837kpYH5of2F4jOHBtiX6TjF6Slqv0=
